
Microsoft Visual Studio Solution File, Format Version 12.00
# Visual Studio 15
VisualStudioVersion = 15.0.26124.0
MinimumVisualStudioVersion = 15.0.26124.0
Project("{FAE04EC0-301F-11D3-BF4B-00C04F79EFBC}") = "personLib", "personLib\personLib.csproj", "{4A9E450A-71BB-464C-BC8B-C592385824A9}"
EndProject
Project("{FAE04EC0-301F-11D3-BF4B-00C04F79EFBC}") = "carLib", "carLib\carLib.csproj", "{20B6B66E-448A-4052-96D0-B6E8864E2CB6}"
EndProject
Project("{FAE04EC0-301F-11D3-BF4B-00C04F79EFBC}") = "GarageLib", "GarageLib\GarageLib.csproj", "{11CF7897-FCE7-4F2E-B270-DEC34E891213}"
EndProject
Project("{FAE04EC0-301F-11D3-BF4B-00C04F79EFBC}") = "Tests", "Tests\Tests.csproj", "{558BE5AF-A76B-4590-91FE-D374AE67C23E}"
EndProject
Project("{FAE04EC0-301F-11D3-BF4B-00C04F79EFBC}") = "ConsoleProj", "ConsoleProj\ConsoleProj.csproj", "{FDC1A598-7F6C-427E-9968-BC89E6E6FEC5}"
EndProject
Global
	GlobalSection(SolutionConfigurationPlatforms) = preSolution
		Debug|Any CPU = Debug|Any CPU
		Debug|x64 = Debug|x64
		Debug|x86 = Debug|x86
		Release|Any CPU = Release|Any CPU
		Release|x64 = Release|x64
		Release|x86 = Release|x86
	EndGlobalSection
	GlobalSection(SolutionProperties) = preSolution
		HideSolutionNode = FALSE
	EndGlobalSection
	GlobalSection(ProjectConfigurationPlatforms) = postSolution
		{4A9E450A-71BB-464C-BC8B-C592385824A9}.Debug|Any CPU.ActiveCfg = Debug|Any CPU
		{4A9E450A-71BB-464C-BC8B-C592385824A9}.Debug|Any CPU.Build.0 = Debug|Any CPU
		{4A9E450A-71BB-464C-BC8B-C592385824A9}.Debug|x64.ActiveCfg = Debug|Any CPU
		{4A9E450A-71BB-464C-BC8B-C592385824A9}.Debug|x64.Build.0 = Debug|Any CPU
		{4A9E450A-71BB-464C-BC8B-C592385824A9}.Debug|x86.ActiveCfg = Debug|Any CPU
		{4A9E450A-71BB-464C-BC8B-C592385824A9}.Debug|x86.Build.0 = Debug|Any CPU
		{4A9E450A-71BB-464C-BC8B-C592385824A9}.Release|Any CPU.ActiveCfg = Release|Any CPU
		{4A9E450A-71BB-464C-BC8B-C592385824A9}.Release|Any CPU.Build.0 = Release|Any CPU
		{4A9E450A-71BB-464C-BC8B-C592385824A9}.Release|x64.ActiveCfg = Release|Any CPU
		{4A9E450A-71BB-464C-BC8B-C592385824A9}.Release|x64.Build.0 = Release|Any CPU
		{4A9E450A-71BB-464C-BC8B-C592385824A9}.Release|x86.ActiveCfg = Release|Any CPU
		{4A9E450A-71BB-464C-BC8B-C592385824A9}.Release|x86.Build.0 = Release|Any CPU
		{20B6B66E-448A-4052-96D0-B6E8864E2CB6}.Debug|Any CPU.ActiveCfg = Debug|Any CPU
		{20B6B66E-448A-4052-96D0-B6E8864E2CB6}.Debug|Any CPU.Build.0 = Debug|Any CPU
		{20B6B66E-448A-4052-96D0-B6E8864E2CB6}.Debug|x64.ActiveCfg = Debug|Any CPU
		{20B6B66E-448A-4052-96D0-B6E8864E2CB6}.Debug|x64.Build.0 = Debug|Any CPU
		{20B6B66E-448A-4052-96D0-B6E8864E2CB6}.Debug|x86.ActiveCfg = Debug|Any CPU
		{20B6B66E-448A-4052-96D0-B6E8864E2CB6}.Debug|x86.Build.0 = Debug|Any CPU
		{20B6B66E-448A-4052-96D0-B6E8864E2CB6}.Release|Any CPU.ActiveCfg = Release|Any CPU
		{20B6B66E-448A-4052-96D0-B6E8864E2CB6}.Release|Any CPU.Build.0 = Release|Any CPU
		{20B6B66E-448A-4052-96D0-B6E8864E2CB6}.Release|x64.ActiveCfg = Release|Any CPU
		{20B6B66E-448A-4052-96D0-B6E8864E2CB6}.Release|x64.Build.0 = Release|Any CPU
		{20B6B66E-448A-4052-96D0-B6E8864E2CB6}.Release|x86.ActiveCfg = Release|Any CPU
		{20B6B66E-448A-4052-96D0-B6E8864E2CB6}.Release|x86.Build.0 = Release|Any CPU
		{11CF7897-FCE7-4F2E-B270-DEC34E891213}.Debug|Any CPU.ActiveCfg = Debug|Any CPU
		{11CF7897-FCE7-4F2E-B270-DEC34E891213}.Debug|Any CPU.Build.0 = Debug|Any CPU
		{11CF7897-FCE7-4F2E-B270-DEC34E891213}.Debug|x64.ActiveCfg = Debug|Any CPU
		{11CF7897-FCE7-4F2E-B270-DEC34E891213}.Debug|x64.Build.0 = Debug|Any CPU
		{11CF7897-FCE7-4F2E-B270-DEC34E891213}.Debug|x86.ActiveCfg = Debug|Any CPU
		{11CF7897-FCE7-4F2E-B270-DEC34E891213}.Debug|x86.Build.0 = Debug|Any CPU
		{11CF7897-FCE7-4F2E-B270-DEC34E891213}.Release|Any CPU.ActiveCfg = Release|Any CPU
		{11CF7897-FCE7-4F2E-B270-DEC34E891213}.Release|Any CPU.Build.0 = Release|Any CPU
		{11CF7897-FCE7-4F2E-B270-DEC34E891213}.Release|x64.ActiveCfg = Release|Any CPU
		{11CF7897-FCE7-4F2E-B270-DEC34E891213}.Release|x64.Build.0 = Release|Any CPU
		{11CF7897-FCE7-4F2E-B270-DEC34E891213}.Release|x86.ActiveCfg = Release|Any CPU
		{11CF7897-FCE7-4F2E-B270-DEC34E891213}.Release|x86.Build.0 = Release|Any CPU
		{558BE5AF-A76B-4590-91FE-D374AE67C23E}.Debug|Any CPU.ActiveCfg = Debug|Any CPU
		{558BE5AF-A76B-4590-91FE-D374AE67C23E}.Debug|Any CPU.Build.0 = Debug|Any CPU
		{558BE5AF-A76B-4590-91FE-D374AE67C23E}.Debug|x64.ActiveCfg = Debug|Any CPU
		{558BE5AF-A76B-4590-91FE-D374AE67C23E}.Debug|x64.Build.0 = Debug|Any CPU
		{558BE5AF-A76B-4590-91FE-D374AE67C23E}.Debug|x86.ActiveCfg = Debug|Any CPU
		{558BE5AF-A76B-4590-91FE-D374AE67C23E}.Debug|x86.Build.0 = Debug|Any CPU
		{558BE5AF-A76B-4590-91FE-D374AE67C23E}.Release|Any CPU.ActiveCfg = Release|Any CPU
		{558BE5AF-A76B-4590-91FE-D374AE67C23E}.Release|Any CPU.Build.0 = Release|Any CPU
		{558BE5AF-A76B-4590-91FE-D374AE67C23E}.Release|x64.ActiveCfg = Release|Any CPU
		{558BE5AF-A76B-4590-91FE-D374AE67C23E}.Release|x64.Build.0 = Release|Any CPU
		{558BE5AF-A76B-4590-91FE-D374AE67C23E}.Release|x86.ActiveCfg = Release|Any CPU
		{558BE5AF-A76B-4590-91FE-D374AE67C23E}.Release|x86.Build.0 = Release|Any CPU
		{FDC1A598-7F6C-427E-9968-BC89E6E6FEC5}.Debug|Any CPU.ActiveCfg = Debug|Any CPU
		{FDC1A598-7F6C-427E-9968-BC89E6E6FEC5}.Debug|Any CPU.Build.0 = Debug|Any CPU
		{FDC1A598-7F6C-427E-9968-BC89E6E6FEC5}.Debug|x64.ActiveCfg = Debug|Any CPU
		{FDC1A598-7F6C-427E-9968-BC89E6E6FEC5}.Debug|x64.Build.0 = Debug|Any CPU
		{FDC1A598-7F6C-427E-9968-BC89E6E6FEC5}.Debug|x86.ActiveCfg = Debug|Any CPU
		{FDC1A598-7F6C-427E-9968-BC89E6E6FEC5}.Debug|x86.Build.0 = Debug|Any CPU
		{FDC1A598-7F6C-427E-9968-BC89E6E6FEC5}.Release|Any CPU.ActiveCfg = Release|Any CPU
		{FDC1A598-7F6C-427E-9968-BC89E6E6FEC5}.Release|Any CPU.Build.0 = Release|Any CPU
		{FDC1A598-7F6C-427E-9968-BC89E6E6FEC5}.Release|x64.ActiveCfg = Release|Any CPU
		{FDC1A598-7F6C-427E-9968-BC89E6E6FEC5}.Release|x64.Build.0 = Release|Any CPU
		{FDC1A598-7F6C-427E-9968-BC89E6E6FEC5}.Release|x86.ActiveCfg = Release|Any CPU
		{FDC1A598-7F6C-427E-9968-BC89E6E6FEC5}.Release|x86.Build.0 = Release|Any CPU
	EndGlobalSection
EndGlobal
